
Microsoft Visual Studio Solution File, Format Version 12.00
# Visual Studio Version 17
VisualStudioVersion = 17.9.34607.119
MinimumVisualStudioVersion = 10.0.40219.1
Project("{FAE04EC0-301F-11D3-BF4B-00C04F79EFBC}") = "KP8", "KP8\KP8.csproj", "{5096BB6C-AD31-43E9-AFA5-08F46E1E1BC2}"
EndProject
Global
	GlobalSection(SolutionConfigurationPlatforms) = preSolution
		Debug|Any CPU = Debug|Any CPU
		Release|Any CPU = Release|Any CPU
	EndGlobalSection
	GlobalSection(ProjectConfigurationPlatforms) = postSolution
		{5096BB6C-AD31-43E9-AFA5-08F46E1E1BC2}.Debug|Any CPU.ActiveCfg = Debug|Any CPU
		{5096BB6C-AD31-43E9-AFA5-08F46E1E1BC2}.Debug|Any CPU.Build.0 = Debug|Any CPU
		{5096BB6C-AD31-43E9-AFA5-08F46E1E1BC2}.Release|Any CPU.ActiveCfg = Release|Any CPU
		{5096BB6C-AD31-43E9-AFA5-08F46E1E1BC2}.Release|Any CPU.Build.0 = Release|Any CPU
	EndGlobalSection
	GlobalSection(SolutionProperties) = preSolution
		HideSolutionNode = FALSE
	EndGlobalSection
	GlobalSection(ExtensibilityGlobals) = postSolution
		SolutionGuid = {F7208A51-8E31-4E85-90D2-6F2019016604}
	EndGlobalSection
EndGlobal
